
Microsoft Visual Studio Solution File, Format Version 12.00
# Visual Studio Version 17
VisualStudioVersion = 17.0.31612.314
MinimumVisualStudioVersion = 15.0.26124.0
Project("{2150E333-8FDC-42A3-9474-1A3956D46DE8}") = "src", "src", "{DDA4741E-097F-40C3-A252-2E1E3476C1A7}"
EndProject
Project("{9A19103F-16F7-4668-BE54-9A1E7A4F7556}") = "GameFrameX.SuperSocket.Primitives", "src\GameFrameX.SuperSocket.Primitives\GameFrameX.SuperSocket.Primitives.csproj", "{A1317CCC-70F4-4F32-84DE-2AAF68E346D2}"
EndProject
Project("{9A19103F-16F7-4668-BE54-9A1E7A4F7556}") = "GameFrameX.SuperSocket.ProtoBase", "src\GameFrameX.SuperSocket.ProtoBase\GameFrameX.SuperSocket.ProtoBase.csproj", "{7EE705BE-5645-451B-B5A2-50408F63A222}"
EndProject
Project("{9A19103F-16F7-4668-BE54-9A1E7A4F7556}") = "GameFrameX.SuperSocket.Client", "src\GameFrameX.SuperSocket.Client\GameFrameX.SuperSocket.Client.csproj", "{E9B31C8C-EC67-486B-9972-F6B4452BF050}"
EndProject
Project("{9A19103F-16F7-4668-BE54-9A1E7A4F7556}") = "GameFrameX.SuperSocket.Command", "src\GameFrameX.SuperSocket.Command\GameFrameX.SuperSocket.Command.csproj", "{E1C29FC7-8A20-4811-94A5-0B80F1632E9D}"
EndProject
Project("{9A19103F-16F7-4668-BE54-9A1E7A4F7556}") = "GameFrameX.SuperSocket.WebSocket", "src\GameFrameX.SuperSocket.WebSocket\GameFrameX.SuperSocket.WebSocket.csproj", "{D648690B-1D08-4B8D-A299-681938B128F2}"
EndProject
Project("{9A19103F-16F7-4668-BE54-9A1E7A4F7556}") = "GameFrameX.SuperSocket.WebSocket.Server", "src\GameFrameX.SuperSocket.WebSocket.Server\GameFrameX.SuperSocket.WebSocket.Server.csproj", "{4E9A4A13-0F74-4325-803A-351447336859}"
EndProject
Project("{9A19103F-16F7-4668-BE54-9A1E7A4F7556}") = "GameFrameX.SuperSocket.Client.Proxy", "src\GameFrameX.SuperSocket.Client.Proxy\GameFrameX.SuperSocket.Client.Proxy.csproj", "{62BC2056-F454-4E7A-86E5-1C2E866145AB}"
EndProject
Project("{9A19103F-16F7-4668-BE54-9A1E7A4F7556}") = "GameFrameX.SuperSocket.Http", "src\GameFrameX.SuperSocket.Http\GameFrameX.SuperSocket.Http.csproj", "{1C563726-BBB3-4D2D-B426-6C1A72A5B959}"
EndProject
Project("{9A19103F-16F7-4668-BE54-9A1E7A4F7556}") = "GameFrameX.SuperSocket.Udp", "src\GameFrameX.SuperSocket.Udp\GameFrameX.SuperSocket.Udp.csproj", "{695AA5D6-62C6-4D7E-8023-967CF134E26C}"
EndProject
Project("{FAE04EC0-301F-11D3-BF4B-00C04F79EFBC}") = "GameFrameX.SuperSocket.Server.Abstractions", "src\GameFrameX.SuperSocket.Server.Abstractions\GameFrameX.SuperSocket.Server.Abstractions.csproj", "{8454E8D5-777D-46CB-B050-76C5119B624B}"
EndProject
Project("{FAE04EC0-301F-11D3-BF4B-00C04F79EFBC}") = "GameFrameX.SuperSocket.Connection", "src\GameFrameX.SuperSocket.Connection\GameFrameX.SuperSocket.Connection.csproj", "{FC2B529F-4AF4-4C39-BC4F-A3836CC7B37C}"
EndProject
Project("{FAE04EC0-301F-11D3-BF4B-00C04F79EFBC}") = "GameFrameX.SuperSocket.Kestrel", "src\GameFrameX.SuperSocket.Kestrel\GameFrameX.SuperSocket.Kestrel.csproj", "{8C8507D6-903F-4786-8F18-ACA54257454B}"
EndProject
Project("{FAE04EC0-301F-11D3-BF4B-00C04F79EFBC}") = "GameFrameX.SuperSocket.ClientEngine", "src\GameFrameX.SuperSocket.ClientEngine\GameFrameX.SuperSocket.ClientEngine.csproj", "{1E6262B5-2120-415E-889C-F3477D7800B0}"
EndProject
Project("{FAE04EC0-301F-11D3-BF4B-00C04F79EFBC}") = "GameFrameX.SuperSocket.Server", "src\GameFrameX.SuperSocket.Server\GameFrameX.SuperSocket.Server.csproj", "{80CC9ED4-0ABA-4DB6-A2EC-DFABE93A23BF}"
EndProject
Global
	GlobalSection(SolutionConfigurationPlatforms) = preSolution
		Debug|Any CPU = Debug|Any CPU
		Debug|x64 = Debug|x64
		Debug|x86 = Debug|x86
		Release|Any CPU = Release|Any CPU
		Release|x64 = Release|x64
		Release|x86 = Release|x86
	EndGlobalSection
	GlobalSection(ProjectConfigurationPlatforms) = postSolution
		{A1317CCC-70F4-4F32-84DE-2AAF68E346D2}.Debug|Any CPU.ActiveCfg = Debug|Any CPU
		{A1317CCC-70F4-4F32-84DE-2AAF68E346D2}.Debug|Any CPU.Build.0 = Debug|Any CPU
		{A1317CCC-70F4-4F32-84DE-2AAF68E346D2}.Debug|x64.ActiveCfg = Debug|Any CPU
		{A1317CCC-70F4-4F32-84DE-2AAF68E346D2}.Debug|x64.Build.0 = Debug|Any CPU
		{A1317CCC-70F4-4F32-84DE-2AAF68E346D2}.Debug|x86.ActiveCfg = Debug|Any CPU
		{A1317CCC-70F4-4F32-84DE-2AAF68E346D2}.Debug|x86.Build.0 = Debug|Any CPU
		{A1317CCC-70F4-4F32-84DE-2AAF68E346D2}.Release|Any CPU.ActiveCfg = Release|Any CPU
		{A1317CCC-70F4-4F32-84DE-2AAF68E346D2}.Release|Any CPU.Build.0 = Release|Any CPU
		{A1317CCC-70F4-4F32-84DE-2AAF68E346D2}.Release|x64.ActiveCfg = Release|Any CPU
		{A1317CCC-70F4-4F32-84DE-2AAF68E346D2}.Release|x64.Build.0 = Release|Any CPU
		{A1317CCC-70F4-4F32-84DE-2AAF68E346D2}.Release|x86.ActiveCfg = Release|Any CPU
		{A1317CCC-70F4-4F32-84DE-2AAF68E346D2}.Release|x86.Build.0 = Release|Any CPU
		{7EE705BE-5645-451B-B5A2-50408F63A222}.Debug|Any CPU.ActiveCfg = Debug|Any CPU
		{7EE705BE-5645-451B-B5A2-50408F63A222}.Debug|Any CPU.Build.0 = Debug|Any CPU
		{7EE705BE-5645-451B-B5A2-50408F63A222}.Debug|x64.ActiveCfg = Debug|Any CPU
		{7EE705BE-5645-451B-B5A2-50408F63A222}.Debug|x64.Build.0 = Debug|Any CPU
		{7EE705BE-5645-451B-B5A2-50408F63A222}.Debug|x86.ActiveCfg = Debug|Any CPU
		{7EE705BE-5645-451B-B5A2-50408F63A222}.Debug|x86.Build.0 = Debug|Any CPU
		{7EE705BE-5645-451B-B5A2-50408F63A222}.Release|Any CPU.ActiveCfg = Release|Any CPU
		{7EE705BE-5645-451B-B5A2-50408F63A222}.Release|Any CPU.Build.0 = Release|Any CPU
		{7EE705BE-5645-451B-B5A2-50408F63A222}.Release|x64.ActiveCfg = Release|Any CPU
		{7EE705BE-5645-451B-B5A2-50408F63A222}.Release|x64.Build.0 = Release|Any CPU
		{7EE705BE-5645-451B-B5A2-50408F63A222}.Release|x86.ActiveCfg = Release|Any CPU
		{7EE705BE-5645-451B-B5A2-50408F63A222}.Release|x86.Build.0 = Release|Any CPU
		{E9B31C8C-EC67-486B-9972-F6B4452BF050}.Debug|Any CPU.ActiveCfg = Debug|Any CPU
		{E9B31C8C-EC67-486B-9972-F6B4452BF050}.Debug|Any CPU.Build.0 = Debug|Any CPU
		{E9B31C8C-EC67-486B-9972-F6B4452BF050}.Debug|x64.ActiveCfg = Debug|Any CPU
		{E9B31C8C-EC67-486B-9972-F6B4452BF050}.Debug|x64.Build.0 = Debug|Any CPU
		{E9B31C8C-EC67-486B-9972-F6B4452BF050}.Debug|x86.ActiveCfg = Debug|Any CPU
		{E9B31C8C-EC67-486B-9972-F6B4452BF050}.Debug|x86.Build.0 = Debug|Any CPU
		{E9B31C8C-EC67-486B-9972-F6B4452BF050}.Release|Any CPU.ActiveCfg = Release|Any CPU
		{E9B31C8C-EC67-486B-9972-F6B4452BF050}.Release|Any CPU.Build.0 = Release|Any CPU
		{E9B31C8C-EC67-486B-9972-F6B4452BF050}.Release|x64.ActiveCfg = Release|Any CPU
		{E9B31C8C-EC67-486B-9972-F6B4452BF050}.Release|x64.Build.0 = Release|Any CPU
		{E9B31C8C-EC67-486B-9972-F6B4452BF050}.Release|x86.ActiveCfg = Release|Any CPU
		{E9B31C8C-EC67-486B-9972-F6B4452BF050}.Release|x86.Build.0 = Release|Any CPU
		{E1C29FC7-8A20-4811-94A5-0B80F1632E9D}.Debug|Any CPU.ActiveCfg = Debug|Any CPU
		{E1C29FC7-8A20-4811-94A5-0B80F1632E9D}.Debug|Any CPU.Build.0 = Debug|Any CPU
		{E1C29FC7-8A20-4811-94A5-0B80F1632E9D}.Debug|x64.ActiveCfg = Debug|Any CPU
		{E1C29FC7-8A20-4811-94A5-0B80F1632E9D}.Debug|x64.Build.0 = Debug|Any CPU
		{E1C29FC7-8A20-4811-94A5-0B80F1632E9D}.Debug|x86.ActiveCfg = Debug|Any CPU
		{E1C29FC7-8A20-4811-94A5-0B80F1632E9D}.Debug|x86.Build.0 = Debug|Any CPU
		{E1C29FC7-8A20-4811-94A5-0B80F1632E9D}.Release|Any CPU.ActiveCfg = Release|Any CPU
		{E1C29FC7-8A20-4811-94A5-0B80F1632E9D}.Release|Any CPU.Build.0 = Release|Any CPU
		{E1C29FC7-8A20-4811-94A5-0B80F1632E9D}.Release|x64.ActiveCfg = Release|Any CPU
		{E1C29FC7-8A20-4811-94A5-0B80F1632E9D}.Release|x64.Build.0 = Release|Any CPU
		{E1C29FC7-8A20-4811-94A5-0B80F1632E9D}.Release|x86.ActiveCfg = Release|Any CPU
		{E1C29FC7-8A20-4811-94A5-0B80F1632E9D}.Release|x86.Build.0 = Release|Any CPU
		{D648690B-1D08-4B8D-A299-681938B128F2}.Debug|Any CPU.ActiveCfg = Debug|Any CPU
		{D648690B-1D08-4B8D-A299-681938B128F2}.Debug|Any CPU.Build.0 = Debug|Any CPU
		{D648690B-1D08-4B8D-A299-681938B128F2}.Debug|x64.ActiveCfg = Debug|Any CPU
		{D648690B-1D08-4B8D-A299-681938B128F2}.Debug|x64.Build.0 = Debug|Any CPU
		{D648690B-1D08-4B8D-A299-681938B128F2}.Debug|x86.ActiveCfg = Debug|Any CPU
		{D648690B-1D08-4B8D-A299-681938B128F2}.Debug|x86.Build.0 = Debug|Any CPU
		{D648690B-1D08-4B8D-A299-681938B128F2}.Release|Any CPU.ActiveCfg = Release|Any CPU
		{D648690B-1D08-4B8D-A299-681938B128F2}.Release|Any CPU.Build.0 = Release|Any CPU
		{D648690B-1D08-4B8D-A299-681938B128F2}.Release|x64.ActiveCfg = Release|Any CPU
		{D648690B-1D08-4B8D-A299-681938B128F2}.Release|x64.Build.0 = Release|Any CPU
		{D648690B-1D08-4B8D-A299-681938B128F2}.Release|x86.ActiveCfg = Release|Any CPU
		{D648690B-1D08-4B8D-A299-681938B128F2}.Release|x86.Build.0 = Release|Any CPU
		{4E9A4A13-0F74-4325-803A-351447336859}.Debug|Any CPU.ActiveCfg = Debug|Any CPU
		{4E9A4A13-0F74-4325-803A-351447336859}.Debug|Any CPU.Build.0 = Debug|Any CPU
		{4E9A4A13-0F74-4325-803A-351447336859}.Debug|x64.ActiveCfg = Debug|Any CPU
		{4E9A4A13-0F74-4325-803A-351447336859}.Debug|x64.Build.0 = Debug|Any CPU
		{4E9A4A13-0F74-4325-803A-351447336859}.Debug|x86.ActiveCfg = Debug|Any CPU
		{4E9A4A13-0F74-4325-803A-351447336859}.Debug|x86.Build.0 = Debug|Any CPU
		{4E9A4A13-0F74-4325-803A-351447336859}.Release|Any CPU.ActiveCfg = Release|Any CPU
		{4E9A4A13-0F74-4325-803A-351447336859}.Release|Any CPU.Build.0 = Release|Any CPU
		{4E9A4A13-0F74-4325-803A-351447336859}.Release|x64.ActiveCfg = Release|Any CPU
		{4E9A4A13-0F74-4325-803A-351447336859}.Release|x64.Build.0 = Release|Any CPU
		{4E9A4A13-0F74-4325-803A-351447336859}.Release|x86.ActiveCfg = Release|Any CPU
		{4E9A4A13-0F74-4325-803A-351447336859}.Release|x86.Build.0 = Release|Any CPU
		{62BC2056-F454-4E7A-86E5-1C2E866145AB}.Debug|Any CPU.ActiveCfg = Debug|Any CPU
		{62BC2056-F454-4E7A-86E5-1C2E866145AB}.Debug|Any CPU.Build.0 = Debug|Any CPU
		{62BC2056-F454-4E7A-86E5-1C2E866145AB}.Debug|x64.ActiveCfg = Debug|Any CPU
		{62BC2056-F454-4E7A-86E5-1C2E866145AB}.Debug|x64.Build.0 = Debug|Any CPU
		{62BC2056-F454-4E7A-86E5-1C2E866145AB}.Debug|x86.ActiveCfg = Debug|Any CPU
		{62BC2056-F454-4E7A-86E5-1C2E866145AB}.Debug|x86.Build.0 = Debug|Any CPU
		{62BC2056-F454-4E7A-86E5-1C2E866145AB}.Release|Any CPU.ActiveCfg = Release|Any CPU
		{62BC2056-F454-4E7A-86E5-1C2E866145AB}.Release|Any CPU.Build.0 = Release|Any CPU
		{62BC2056-F454-4E7A-86E5-1C2E866145AB}.Release|x64.ActiveCfg = Release|Any CPU
		{62BC2056-F454-4E7A-86E5-1C2E866145AB}.Release|x64.Build.0 = Release|Any CPU
		{62BC2056-F454-4E7A-86E5-1C2E866145AB}.Release|x86.ActiveCfg = Release|Any CPU
		{62BC2056-F454-4E7A-86E5-1C2E866145AB}.Release|x86.Build.0 = Release|Any CPU
		{1C563726-BBB3-4D2D-B426-6C1A72A5B959}.Debug|Any CPU.ActiveCfg = Debug|Any CPU
		{1C563726-BBB3-4D2D-B426-6C1A72A5B959}.Debug|Any CPU.Build.0 = Debug|Any CPU
		{1C563726-BBB3-4D2D-B426-6C1A72A5B959}.Debug|x64.ActiveCfg = Debug|Any CPU
		{1C563726-BBB3-4D2D-B426-6C1A72A5B959}.Debug|x64.Build.0 = Debug|Any CPU
		{1C563726-BBB3-4D2D-B426-6C1A72A5B959}.Debug|x86.ActiveCfg = Debug|Any CPU
		{1C563726-BBB3-4D2D-B426-6C1A72A5B959}.Debug|x86.Build.0 = Debug|Any CPU
		{1C563726-BBB3-4D2D-B426-6C1A72A5B959}.Release|Any CPU.ActiveCfg = Release|Any CPU
		{1C563726-BBB3-4D2D-B426-6C1A72A5B959}.Release|Any CPU.Build.0 = Release|Any CPU
		{1C563726-BBB3-4D2D-B426-6C1A72A5B959}.Release|x64.ActiveCfg = Release|Any CPU
		{1C563726-BBB3-4D2D-B426-6C1A72A5B959}.Release|x64.Build.0 = Release|Any CPU
		{1C563726-BBB3-4D2D-B426-6C1A72A5B959}.Release|x86.ActiveCfg = Release|Any CPU
		{1C563726-BBB3-4D2D-B426-6C1A72A5B959}.Release|x86.Build.0 = Release|Any CPU
		{695AA5D6-62C6-4D7E-8023-967CF134E26C}.Debug|Any CPU.ActiveCfg = Debug|Any CPU
		{695AA5D6-62C6-4D7E-8023-967CF134E26C}.Debug|Any CPU.Build.0 = Debug|Any CPU
		{695AA5D6-62C6-4D7E-8023-967CF134E26C}.Debug|x64.ActiveCfg = Debug|Any CPU
		{695AA5D6-62C6-4D7E-8023-967CF134E26C}.Debug|x64.Build.0 = Debug|Any CPU
		{695AA5D6-62C6-4D7E-8023-967CF134E26C}.Debug|x86.ActiveCfg = Debug|Any CPU
		{695AA5D6-62C6-4D7E-8023-967CF134E26C}.Debug|x86.Build.0 = Debug|Any CPU
		{695AA5D6-62C6-4D7E-8023-967CF134E26C}.Release|Any CPU.ActiveCfg = Release|Any CPU
		{695AA5D6-62C6-4D7E-8023-967CF134E26C}.Release|Any CPU.Build.0 = Release|Any CPU
		{695AA5D6-62C6-4D7E-8023-967CF134E26C}.Release|x64.ActiveCfg = Release|Any CPU
		{695AA5D6-62C6-4D7E-8023-967CF134E26C}.Release|x64.Build.0 = Release|Any CPU
		{695AA5D6-62C6-4D7E-8023-967CF134E26C}.Release|x86.ActiveCfg = Release|Any CPU
		{695AA5D6-62C6-4D7E-8023-967CF134E26C}.Release|x86.Build.0 = Release|Any CPU
		{8454E8D5-777D-46CB-B050-76C5119B624B}.Debug|Any CPU.ActiveCfg = Debug|Any CPU
		{8454E8D5-777D-46CB-B050-76C5119B624B}.Debug|Any CPU.Build.0 = Debug|Any CPU
		{8454E8D5-777D-46CB-B050-76C5119B624B}.Debug|x64.ActiveCfg = Debug|Any CPU
		{8454E8D5-777D-46CB-B050-76C5119B624B}.Debug|x64.Build.0 = Debug|Any CPU
		{8454E8D5-777D-46CB-B050-76C5119B624B}.Debug|x86.ActiveCfg = Debug|Any CPU
		{8454E8D5-777D-46CB-B050-76C5119B624B}.Debug|x86.Build.0 = Debug|Any CPU
		{8454E8D5-777D-46CB-B050-76C5119B624B}.Release|Any CPU.ActiveCfg = Release|Any CPU
		{8454E8D5-777D-46CB-B050-76C5119B624B}.Release|Any CPU.Build.0 = Release|Any CPU
		{8454E8D5-777D-46CB-B050-76C5119B624B}.Release|x64.ActiveCfg = Release|Any CPU
		{8454E8D5-777D-46CB-B050-76C5119B624B}.Release|x64.Build.0 = Release|Any CPU
		{8454E8D5-777D-46CB-B050-76C5119B624B}.Release|x86.ActiveCfg = Release|Any CPU
		{8454E8D5-777D-46CB-B050-76C5119B624B}.Release|x86.Build.0 = Release|Any CPU
		{FC2B529F-4AF4-4C39-BC4F-A3836CC7B37C}.Debug|Any CPU.ActiveCfg = Debug|Any CPU
		{FC2B529F-4AF4-4C39-BC4F-A3836CC7B37C}.Debug|Any CPU.Build.0 = Debug|Any CPU
		{FC2B529F-4AF4-4C39-BC4F-A3836CC7B37C}.Debug|x64.ActiveCfg = Debug|Any CPU
		{FC2B529F-4AF4-4C39-BC4F-A3836CC7B37C}.Debug|x64.Build.0 = Debug|Any CPU
		{FC2B529F-4AF4-4C39-BC4F-A3836CC7B37C}.Debug|x86.ActiveCfg = Debug|Any CPU
		{FC2B529F-4AF4-4C39-BC4F-A3836CC7B37C}.Debug|x86.Build.0 = Debug|Any CPU
		{FC2B529F-4AF4-4C39-BC4F-A3836CC7B37C}.Release|Any CPU.ActiveCfg = Release|Any CPU
		{FC2B529F-4AF4-4C39-BC4F-A3836CC7B37C}.Release|Any CPU.Build.0 = Release|Any CPU
		{FC2B529F-4AF4-4C39-BC4F-A3836CC7B37C}.Release|x64.ActiveCfg = Release|Any CPU
		{FC2B529F-4AF4-4C39-BC4F-A3836CC7B37C}.Release|x64.Build.0 = Release|Any CPU
		{FC2B529F-4AF4-4C39-BC4F-A3836CC7B37C}.Release|x86.ActiveCfg = Release|Any CPU
		{FC2B529F-4AF4-4C39-BC4F-A3836CC7B37C}.Release|x86.Build.0 = Release|Any CPU
		{8C8507D6-903F-4786-8F18-ACA54257454B}.Debug|Any CPU.ActiveCfg = Debug|Any CPU
		{8C8507D6-903F-4786-8F18-ACA54257454B}.Debug|Any CPU.Build.0 = Debug|Any CPU
		{8C8507D6-903F-4786-8F18-ACA54257454B}.Debug|x64.ActiveCfg = Debug|Any CPU
		{8C8507D6-903F-4786-8F18-ACA54257454B}.Debug|x64.Build.0 = Debug|Any CPU
		{8C8507D6-903F-4786-8F18-ACA54257454B}.Debug|x86.ActiveCfg = Debug|Any CPU
		{8C8507D6-903F-4786-8F18-ACA54257454B}.Debug|x86.Build.0 = Debug|Any CPU
		{8C8507D6-903F-4786-8F18-ACA54257454B}.Release|Any CPU.ActiveCfg = Release|Any CPU
		{8C8507D6-903F-4786-8F18-ACA54257454B}.Release|Any CPU.Build.0 = Release|Any CPU
		{8C8507D6-903F-4786-8F18-ACA54257454B}.Release|x64.ActiveCfg = Release|Any CPU
		{8C8507D6-903F-4786-8F18-ACA54257454B}.Release|x64.Build.0 = Release|Any CPU
		{8C8507D6-903F-4786-8F18-ACA54257454B}.Release|x86.ActiveCfg = Release|Any CPU
		{8C8507D6-903F-4786-8F18-ACA54257454B}.Release|x86.Build.0 = Release|Any CPU
		{1E6262B5-2120-415E-889C-F3477D7800B0}.Debug|Any CPU.ActiveCfg = Debug|Any CPU
		{1E6262B5-2120-415E-889C-F3477D7800B0}.Debug|Any CPU.Build.0 = Debug|Any CPU
		{1E6262B5-2120-415E-889C-F3477D7800B0}.Debug|x64.ActiveCfg = Debug|Any CPU
		{1E6262B5-2120-415E-889C-F3477D7800B0}.Debug|x64.Build.0 = Debug|Any CPU
		{1E6262B5-2120-415E-889C-F3477D7800B0}.Debug|x86.ActiveCfg = Debug|Any CPU
		{1E6262B5-2120-415E-889C-F3477D7800B0}.Debug|x86.Build.0 = Debug|Any CPU
		{1E6262B5-2120-415E-889C-F3477D7800B0}.Release|Any CPU.ActiveCfg = Release|Any CPU
		{1E6262B5-2120-415E-889C-F3477D7800B0}.Release|Any CPU.Build.0 = Release|Any CPU
		{1E6262B5-2120-415E-889C-F3477D7800B0}.Release|x64.ActiveCfg = Release|Any CPU
		{1E6262B5-2120-415E-889C-F3477D7800B0}.Release|x64.Build.0 = Release|Any CPU
		{1E6262B5-2120-415E-889C-F3477D7800B0}.Release|x86.ActiveCfg = Release|Any CPU
		{1E6262B5-2120-415E-889C-F3477D7800B0}.Release|x86.Build.0 = Release|Any CPU
		{80CC9ED4-0ABA-4DB6-A2EC-DFABE93A23BF}.Debug|Any CPU.ActiveCfg = Debug|Any CPU
		{80CC9ED4-0ABA-4DB6-A2EC-DFABE93A23BF}.Debug|Any CPU.Build.0 = Debug|Any CPU
		{80CC9ED4-0ABA-4DB6-A2EC-DFABE93A23BF}.Debug|x64.ActiveCfg = Debug|Any CPU
		{80CC9ED4-0ABA-4DB6-A2EC-DFABE93A23BF}.Debug|x64.Build.0 = Debug|Any CPU
		{80CC9ED4-0ABA-4DB6-A2EC-DFABE93A23BF}.Debug|x86.ActiveCfg = Debug|Any CPU
		{80CC9ED4-0ABA-4DB6-A2EC-DFABE93A23BF}.Debug|x86.Build.0 = Debug|Any CPU
		{80CC9ED4-0ABA-4DB6-A2EC-DFABE93A23BF}.Release|Any CPU.ActiveCfg = Release|Any CPU
		{80CC9ED4-0ABA-4DB6-A2EC-DFABE93A23BF}.Release|Any CPU.Build.0 = Release|Any CPU
		{80CC9ED4-0ABA-4DB6-A2EC-DFABE93A23BF}.Release|x64.ActiveCfg = Release|Any CPU
		{80CC9ED4-0ABA-4DB6-A2EC-DFABE93A23BF}.Release|x64.Build.0 = Release|Any CPU
		{80CC9ED4-0ABA-4DB6-A2EC-DFABE93A23BF}.Release|x86.ActiveCfg = Release|Any CPU
		{80CC9ED4-0ABA-4DB6-A2EC-DFABE93A23BF}.Release|x86.Build.0 = Release|Any CPU
	EndGlobalSection
	GlobalSection(SolutionProperties) = preSolution
		HideSolutionNode = FALSE
	EndGlobalSection
	GlobalSection(NestedProjects) = preSolution
		{A1317CCC-70F4-4F32-84DE-2AAF68E346D2} = {DDA4741E-097F-40C3-A252-2E1E3476C1A7}
		{7EE705BE-5645-451B-B5A2-50408F63A222} = {DDA4741E-097F-40C3-A252-2E1E3476C1A7}
		{E9B31C8C-EC67-486B-9972-F6B4452BF050} = {DDA4741E-097F-40C3-A252-2E1E3476C1A7}
		{E1C29FC7-8A20-4811-94A5-0B80F1632E9D} = {DDA4741E-097F-40C3-A252-2E1E3476C1A7}
		{D648690B-1D08-4B8D-A299-681938B128F2} = {DDA4741E-097F-40C3-A252-2E1E3476C1A7}
		{4E9A4A13-0F74-4325-803A-351447336859} = {DDA4741E-097F-40C3-A252-2E1E3476C1A7}
		{62BC2056-F454-4E7A-86E5-1C2E866145AB} = {DDA4741E-097F-40C3-A252-2E1E3476C1A7}
		{1C563726-BBB3-4D2D-B426-6C1A72A5B959} = {DDA4741E-097F-40C3-A252-2E1E3476C1A7}
		{695AA5D6-62C6-4D7E-8023-967CF134E26C} = {DDA4741E-097F-40C3-A252-2E1E3476C1A7}
		{8454E8D5-777D-46CB-B050-76C5119B624B} = {DDA4741E-097F-40C3-A252-2E1E3476C1A7}
		{FC2B529F-4AF4-4C39-BC4F-A3836CC7B37C} = {DDA4741E-097F-40C3-A252-2E1E3476C1A7}
		{8C8507D6-903F-4786-8F18-ACA54257454B} = {DDA4741E-097F-40C3-A252-2E1E3476C1A7}
		{1E6262B5-2120-415E-889C-F3477D7800B0} = {DDA4741E-097F-40C3-A252-2E1E3476C1A7}
		{80CC9ED4-0ABA-4DB6-A2EC-DFABE93A23BF} = {DDA4741E-097F-40C3-A252-2E1E3476C1A7}
	EndGlobalSection
	GlobalSection(ExtensibilityGlobals) = postSolution
		SolutionGuid = {ADB30AA2-A848-4CB3-8A20-488C80F1BA9E}
	EndGlobalSection
EndGlobal
