
Microsoft Visual Studio Solution File, Format Version 12.00
Project("{FAE04EC0-301F-11D3-BF4B-00C04F79EFBC}") = "GameFrameX.SuperSocket.Client", "src\GameFrameX.SuperSocket.Client\GameFrameX.SuperSocket.Client.csproj", "{1C88D57F-C7DF-41CF-8904-F0A4967E252C}"
EndProject
Project("{FAE04EC0-301F-11D3-BF4B-00C04F79EFBC}") = "GameFrameX.SuperSocket.Client.Proxy", "src\GameFrameX.SuperSocket.Client.Proxy\GameFrameX.SuperSocket.Client.Proxy.csproj", "{2B178D1D-9EDA-4A45-9A97-403F0B7FA30B}"
EndProject
Project("{FAE04EC0-301F-11D3-BF4B-00C04F79EFBC}") = "GameFrameX.SuperSocket.ClientEngine", "src\GameFrameX.SuperSocket.ClientEngine\GameFrameX.SuperSocket.ClientEngine.csproj", "{44EC47E5-9468-4199-B27C-E7AEB00AAD3F}"
EndProject
Project("{2150E333-8FDC-42A3-9474-1A3956D46DE8}") = "src", "src", "{CFA1258A-40DA-4279-83E1-78F7B1D8F5A8}"
EndProject
Project("{FAE04EC0-301F-11D3-BF4B-00C04F79EFBC}") = "GameFrameX.SuperSocket.Command", "src\GameFrameX.SuperSocket.Command\GameFrameX.SuperSocket.Command.csproj", "{027761CD-0455-4469-BC03-04F5EC9B0322}"
EndProject
Project("{FAE04EC0-301F-11D3-BF4B-00C04F79EFBC}") = "GameFrameX.SuperSocket.Connection", "src\GameFrameX.SuperSocket.Connection\GameFrameX.SuperSocket.Connection.csproj", "{D54C2A84-941D-4431-9F7A-0AFB4E36A934}"
EndProject
Project("{FAE04EC0-301F-11D3-BF4B-00C04F79EFBC}") = "GameFrameX.SuperSocket.Http", "src\GameFrameX.SuperSocket.Http\GameFrameX.SuperSocket.Http.csproj", "{8A3D8C1B-D3E6-4952-9E84-A1F2889FB781}"
EndProject
Project("{FAE04EC0-301F-11D3-BF4B-00C04F79EFBC}") = "GameFrameX.SuperSocket.Kestrel", "src\GameFrameX.SuperSocket.Kestrel\GameFrameX.SuperSocket.Kestrel.csproj", "{8C4DF648-172F-44C6-B3B2-AC9B0AD2226F}"
EndProject
Project("{FAE04EC0-301F-11D3-BF4B-00C04F79EFBC}") = "GameFrameX.SuperSocket.Primitives", "src\GameFrameX.SuperSocket.Primitives\GameFrameX.SuperSocket.Primitives.csproj", "{933AE650-22A8-442C-9475-0996E33D7EDD}"
EndProject
Project("{FAE04EC0-301F-11D3-BF4B-00C04F79EFBC}") = "GameFrameX.SuperSocket.ProtoBase", "src\GameFrameX.SuperSocket.ProtoBase\GameFrameX.SuperSocket.ProtoBase.csproj", "{855FE3DD-9C89-4627-95E3-17FDA463F7A0}"
EndProject
Project("{FAE04EC0-301F-11D3-BF4B-00C04F79EFBC}") = "GameFrameX.SuperSocket.Server", "src\GameFrameX.SuperSocket.Server\GameFrameX.SuperSocket.Server.csproj", "{CB0944C1-A5D1-448B-9E2B-ED8919DEDDCD}"
EndProject
Project("{FAE04EC0-301F-11D3-BF4B-00C04F79EFBC}") = "GameFrameX.SuperSocket.Server.Abstractions", "src\GameFrameX.SuperSocket.Server.Abstractions\GameFrameX.SuperSocket.Server.Abstractions.csproj", "{2459A662-9855-464A-BE09-11E7B9D1A372}"
EndProject
Project("{FAE04EC0-301F-11D3-BF4B-00C04F79EFBC}") = "GameFrameX.SuperSocket.Udp", "src\GameFrameX.SuperSocket.Udp\GameFrameX.SuperSocket.Udp.csproj", "{4D4CCC6F-A739-4AF5-A423-7C3FD9EB299A}"
EndProject
Project("{FAE04EC0-301F-11D3-BF4B-00C04F79EFBC}") = "GameFrameX.SuperSocket.WebSocket", "src\GameFrameX.SuperSocket.WebSocket\GameFrameX.SuperSocket.WebSocket.csproj", "{24172B70-3755-434D-B0CC-AEBFB342016B}"
EndProject
Project("{FAE04EC0-301F-11D3-BF4B-00C04F79EFBC}") = "GameFrameX.SuperSocket.WebSocket.Server", "src\GameFrameX.SuperSocket.WebSocket.Server\GameFrameX.SuperSocket.WebSocket.Server.csproj", "{C207A8C9-EBA9-4E49-A8C9-D3B963093412}"
EndProject
Global
	GlobalSection(SolutionConfigurationPlatforms) = preSolution
		Debug|Any CPU = Debug|Any CPU
		Release|Any CPU = Release|Any CPU
	EndGlobalSection
	GlobalSection(ProjectConfigurationPlatforms) = postSolution
		{1C88D57F-C7DF-41CF-8904-F0A4967E252C}.Debug|Any CPU.ActiveCfg = Debug|Any CPU
		{1C88D57F-C7DF-41CF-8904-F0A4967E252C}.Debug|Any CPU.Build.0 = Debug|Any CPU
		{1C88D57F-C7DF-41CF-8904-F0A4967E252C}.Release|Any CPU.ActiveCfg = Release|Any CPU
		{1C88D57F-C7DF-41CF-8904-F0A4967E252C}.Release|Any CPU.Build.0 = Release|Any CPU
		{2B178D1D-9EDA-4A45-9A97-403F0B7FA30B}.Debug|Any CPU.ActiveCfg = Debug|Any CPU
		{2B178D1D-9EDA-4A45-9A97-403F0B7FA30B}.Debug|Any CPU.Build.0 = Debug|Any CPU
		{2B178D1D-9EDA-4A45-9A97-403F0B7FA30B}.Release|Any CPU.ActiveCfg = Release|Any CPU
		{2B178D1D-9EDA-4A45-9A97-403F0B7FA30B}.Release|Any CPU.Build.0 = Release|Any CPU
		{44EC47E5-9468-4199-B27C-E7AEB00AAD3F}.Debug|Any CPU.ActiveCfg = Debug|Any CPU
		{44EC47E5-9468-4199-B27C-E7AEB00AAD3F}.Debug|Any CPU.Build.0 = Debug|Any CPU
		{44EC47E5-9468-4199-B27C-E7AEB00AAD3F}.Release|Any CPU.ActiveCfg = Release|Any CPU
		{44EC47E5-9468-4199-B27C-E7AEB00AAD3F}.Release|Any CPU.Build.0 = Release|Any CPU
		{027761CD-0455-4469-BC03-04F5EC9B0322}.Debug|Any CPU.ActiveCfg = Debug|Any CPU
		{027761CD-0455-4469-BC03-04F5EC9B0322}.Debug|Any CPU.Build.0 = Debug|Any CPU
		{027761CD-0455-4469-BC03-04F5EC9B0322}.Release|Any CPU.ActiveCfg = Release|Any CPU
		{027761CD-0455-4469-BC03-04F5EC9B0322}.Release|Any CPU.Build.0 = Release|Any CPU
		{D54C2A84-941D-4431-9F7A-0AFB4E36A934}.Debug|Any CPU.ActiveCfg = Debug|Any CPU
		{D54C2A84-941D-4431-9F7A-0AFB4E36A934}.Debug|Any CPU.Build.0 = Debug|Any CPU
		{D54C2A84-941D-4431-9F7A-0AFB4E36A934}.Release|Any CPU.ActiveCfg = Release|Any CPU
		{D54C2A84-941D-4431-9F7A-0AFB4E36A934}.Release|Any CPU.Build.0 = Release|Any CPU
		{8A3D8C1B-D3E6-4952-9E84-A1F2889FB781}.Debug|Any CPU.ActiveCfg = Debug|Any CPU
		{8A3D8C1B-D3E6-4952-9E84-A1F2889FB781}.Debug|Any CPU.Build.0 = Debug|Any CPU
		{8A3D8C1B-D3E6-4952-9E84-A1F2889FB781}.Release|Any CPU.ActiveCfg = Release|Any CPU
		{8A3D8C1B-D3E6-4952-9E84-A1F2889FB781}.Release|Any CPU.Build.0 = Release|Any CPU
		{8C4DF648-172F-44C6-B3B2-AC9B0AD2226F}.Debug|Any CPU.ActiveCfg = Debug|Any CPU
		{8C4DF648-172F-44C6-B3B2-AC9B0AD2226F}.Debug|Any CPU.Build.0 = Debug|Any CPU
		{8C4DF648-172F-44C6-B3B2-AC9B0AD2226F}.Release|Any CPU.ActiveCfg = Release|Any CPU
		{8C4DF648-172F-44C6-B3B2-AC9B0AD2226F}.Release|Any CPU.Build.0 = Release|Any CPU
		{933AE650-22A8-442C-9475-0996E33D7EDD}.Debug|Any CPU.ActiveCfg = Debug|Any CPU
		{933AE650-22A8-442C-9475-0996E33D7EDD}.Debug|Any CPU.Build.0 = Debug|Any CPU
		{933AE650-22A8-442C-9475-0996E33D7EDD}.Release|Any CPU.ActiveCfg = Release|Any CPU
		{933AE650-22A8-442C-9475-0996E33D7EDD}.Release|Any CPU.Build.0 = Release|Any CPU
		{855FE3DD-9C89-4627-95E3-17FDA463F7A0}.Debug|Any CPU.ActiveCfg = Debug|Any CPU
		{855FE3DD-9C89-4627-95E3-17FDA463F7A0}.Debug|Any CPU.Build.0 = Debug|Any CPU
		{855FE3DD-9C89-4627-95E3-17FDA463F7A0}.Release|Any CPU.ActiveCfg = Release|Any CPU
		{855FE3DD-9C89-4627-95E3-17FDA463F7A0}.Release|Any CPU.Build.0 = Release|Any CPU
		{CB0944C1-A5D1-448B-9E2B-ED8919DEDDCD}.Debug|Any CPU.ActiveCfg = Debug|Any CPU
		{CB0944C1-A5D1-448B-9E2B-ED8919DEDDCD}.Debug|Any CPU.Build.0 = Debug|Any CPU
		{CB0944C1-A5D1-448B-9E2B-ED8919DEDDCD}.Release|Any CPU.ActiveCfg = Release|Any CPU
		{CB0944C1-A5D1-448B-9E2B-ED8919DEDDCD}.Release|Any CPU.Build.0 = Release|Any CPU
		{2459A662-9855-464A-BE09-11E7B9D1A372}.Debug|Any CPU.ActiveCfg = Debug|Any CPU
		{2459A662-9855-464A-BE09-11E7B9D1A372}.Debug|Any CPU.Build.0 = Debug|Any CPU
		{2459A662-9855-464A-BE09-11E7B9D1A372}.Release|Any CPU.ActiveCfg = Release|Any CPU
		{2459A662-9855-464A-BE09-11E7B9D1A372}.Release|Any CPU.Build.0 = Release|Any CPU
		{4D4CCC6F-A739-4AF5-A423-7C3FD9EB299A}.Debug|Any CPU.ActiveCfg = Debug|Any CPU
		{4D4CCC6F-A739-4AF5-A423-7C3FD9EB299A}.Debug|Any CPU.Build.0 = Debug|Any CPU
		{4D4CCC6F-A739-4AF5-A423-7C3FD9EB299A}.Release|Any CPU.ActiveCfg = Release|Any CPU
		{4D4CCC6F-A739-4AF5-A423-7C3FD9EB299A}.Release|Any CPU.Build.0 = Release|Any CPU
		{24172B70-3755-434D-B0CC-AEBFB342016B}.Debug|Any CPU.ActiveCfg = Debug|Any CPU
		{24172B70-3755-434D-B0CC-AEBFB342016B}.Debug|Any CPU.Build.0 = Debug|Any CPU
		{24172B70-3755-434D-B0CC-AEBFB342016B}.Release|Any CPU.ActiveCfg = Release|Any CPU
		{24172B70-3755-434D-B0CC-AEBFB342016B}.Release|Any CPU.Build.0 = Release|Any CPU
		{C207A8C9-EBA9-4E49-A8C9-D3B963093412}.Debug|Any CPU.ActiveCfg = Debug|Any CPU
		{C207A8C9-EBA9-4E49-A8C9-D3B963093412}.Debug|Any CPU.Build.0 = Debug|Any CPU
		{C207A8C9-EBA9-4E49-A8C9-D3B963093412}.Release|Any CPU.ActiveCfg = Release|Any CPU
		{C207A8C9-EBA9-4E49-A8C9-D3B963093412}.Release|Any CPU.Build.0 = Release|Any CPU
	EndGlobalSection
	GlobalSection(NestedProjects) = preSolution
		{1C88D57F-C7DF-41CF-8904-F0A4967E252C} = {CFA1258A-40DA-4279-83E1-78F7B1D8F5A8}
		{2B178D1D-9EDA-4A45-9A97-403F0B7FA30B} = {CFA1258A-40DA-4279-83E1-78F7B1D8F5A8}
		{44EC47E5-9468-4199-B27C-E7AEB00AAD3F} = {CFA1258A-40DA-4279-83E1-78F7B1D8F5A8}
		{027761CD-0455-4469-BC03-04F5EC9B0322} = {CFA1258A-40DA-4279-83E1-78F7B1D8F5A8}
		{D54C2A84-941D-4431-9F7A-0AFB4E36A934} = {CFA1258A-40DA-4279-83E1-78F7B1D8F5A8}
		{8A3D8C1B-D3E6-4952-9E84-A1F2889FB781} = {CFA1258A-40DA-4279-83E1-78F7B1D8F5A8}
		{8C4DF648-172F-44C6-B3B2-AC9B0AD2226F} = {CFA1258A-40DA-4279-83E1-78F7B1D8F5A8}
		{933AE650-22A8-442C-9475-0996E33D7EDD} = {CFA1258A-40DA-4279-83E1-78F7B1D8F5A8}
		{855FE3DD-9C89-4627-95E3-17FDA463F7A0} = {CFA1258A-40DA-4279-83E1-78F7B1D8F5A8}
		{CB0944C1-A5D1-448B-9E2B-ED8919DEDDCD} = {CFA1258A-40DA-4279-83E1-78F7B1D8F5A8}
		{2459A662-9855-464A-BE09-11E7B9D1A372} = {CFA1258A-40DA-4279-83E1-78F7B1D8F5A8}
		{4D4CCC6F-A739-4AF5-A423-7C3FD9EB299A} = {CFA1258A-40DA-4279-83E1-78F7B1D8F5A8}
		{24172B70-3755-434D-B0CC-AEBFB342016B} = {CFA1258A-40DA-4279-83E1-78F7B1D8F5A8}
		{C207A8C9-EBA9-4E49-A8C9-D3B963093412} = {CFA1258A-40DA-4279-83E1-78F7B1D8F5A8}
	EndGlobalSection
EndGlobal
